// !$*UTF8*$!
{
	archiveVersion = 1;
	classes = {
	};
	objectVersion = 51;
	objects = {

/* Begin PBXBuildFile section */
		8007F47126FE1B6D00C2BAEF /* CameraCellView.xib in Resources */ = {isa = PBXBuildFile; fileRef = 8007F47026FE1B6D00C2BAEF /* CameraCellView.xib */; };
		8007F4742701A35300C2BAEF /* Rooms.swift in Sources */ = {isa = PBXBuildFile; fileRef = 8007F4732701A35300C2BAEF /* Rooms.swift */; };
		8007F47B2701CB1D00C2BAEF /* DoorsRealm.swift in Sources */ = {isa = PBXBuildFile; fileRef = 8007F47A2701CB1D00C2BAEF /* DoorsRealm.swift */; };
		8007F47E2701DF5700C2BAEF /* Api.swift in Sources */ = {isa = PBXBuildFile; fileRef = 8007F47D2701DF5700C2BAEF /* Api.swift */; };
		80553B4426F9EA9D00E93D57 /* AppDelegate.swift in Sources */ = {isa = PBXBuildFile; fileRef = 80553B4326F9EA9D00E93D57 /* AppDelegate.swift */; };
		80553B4626F9EA9D00E93D57 /* SceneDelegate.swift in Sources */ = {isa = PBXBuildFile; fileRef = 80553B4526F9EA9D00E93D57 /* SceneDelegate.swift */; };
		80553B4826F9EA9D00E93D57 /* ViewController.swift in Sources */ = {isa = PBXBuildFile; fileRef = 80553B4726F9EA9D00E93D57 /* ViewController.swift */; };
		80553B4B26F9EA9D00E93D57 /* Main.storyboard in Resources */ = {isa = PBXBuildFile; fileRef = 80553B4926F9EA9D00E93D57 /* Main.storyboard */; };
		80553B4D26F9EAA500E93D57 /* Assets.xcassets in Resources */ = {isa = PBXBuildFile; fileRef = 80553B4C26F9EAA500E93D57 /* Assets.xcassets */; };
		80553B5026F9EAA500E93D57 /* LaunchScreen.storyboard in Resources */ = {isa = PBXBuildFile; fileRef = 80553B4E26F9EAA500E93D57 /* LaunchScreen.storyboard */; };
		80553B5F26FA255900E93D57 /* CameraCellView.swift in Sources */ = {isa = PBXBuildFile; fileRef = 80553B5E26FA255900E93D57 /* CameraCellView.swift */; };
		80553B6826FA6B7100E93D57 /* RoomsRealm.swift in Sources */ = {isa = PBXBuildFile; fileRef = 80553B6726FA6B7100E93D57 /* RoomsRealm.swift */; };
		8058C10826FB377000F1EC8E /* Doors.swift in Sources */ = {isa = PBXBuildFile; fileRef = 8058C10726FB377000F1EC8E /* Doors.swift */; };
		8058C11126FB4E0400F1EC8E /* RealmService.swift in Sources */ = {isa = PBXBuildFile; fileRef = 8058C11026FB4E0400F1EC8E /* RealmService.swift */; };
		8058C11426FB53DB00F1EC8E /* DetailsViewController.swift in Sources */ = {isa = PBXBuildFile; fileRef = 8058C11326FB53DB00F1EC8E /* DetailsViewController.swift */; };
		8058C11B26FB657E00F1EC8E /* LableCellView.swift in Sources */ = {isa = PBXBuildFile; fileRef = 8058C11A26FB657E00F1EC8E /* LableCellView.swift */; };
		809B0E1F2705BBDA00676BAB /* CameraRepository.swift in Sources */ = {isa = PBXBuildFile; fileRef = 809B0E1E2705BBDA00676BAB /* CameraRepository.swift */; };
		809B0E242705C0FA00676BAB /* MappableProtocol.swift in Sources */ = {isa = PBXBuildFile; fileRef = 809B0E232705C0FA00676BAB /* MappableProtocol.swift */; };
		809B0E272705D8AD00676BAB /* CameraRepositoryProtocol.swift in Sources */ = {isa = PBXBuildFile; fileRef = 809B0E262705D8AD00676BAB /* CameraRepositoryProtocol.swift */; };
		809B0E2A2705D92200676BAB /* NetworkServiceProtocol.swift in Sources */ = {isa = PBXBuildFile; fileRef = 809B0E292705D92200676BAB /* NetworkServiceProtocol.swift */; };
		809B0E2D2705F21800676BAB /* DoorsRepositoryProtocol.swift in Sources */ = {isa = PBXBuildFile; fileRef = 809B0E2C2705F21800676BAB /* DoorsRepositoryProtocol.swift */; };
		809B0E312705F39300676BAB /* DoorsRepository.swift in Sources */ = {isa = PBXBuildFile; fileRef = 809B0E302705F39300676BAB /* DoorsRepository.swift */; };
		809B0E352705F69500676BAB /* Door+MappableProtocol.swift in Sources */ = {isa = PBXBuildFile; fileRef = 809B0E342705F69500676BAB /* Door+MappableProtocol.swift */; };
		80AF50A127062328008A103B /* BaseTableView.swift in Sources */ = {isa = PBXBuildFile; fileRef = 80AF50A027062328008A103B /* BaseTableView.swift */; };
		80AF50A42706EDBB008A103B /* BaseTableCell.swift in Sources */ = {isa = PBXBuildFile; fileRef = 80AF50A32706EDBA008A103B /* BaseTableCell.swift */; };
		80AF50A72706F0AC008A103B /* DoorsTableView.swift in Sources */ = {isa = PBXBuildFile; fileRef = 80AF50A62706F0AC008A103B /* DoorsTableView.swift */; };
		80D19E1326FE0717002783B2 /* NetworkService.swift in Sources */ = {isa = PBXBuildFile; fileRef = 80D19E1226FE0717002783B2 /* NetworkService.swift */; };
		80D665842702124A00EA8560 /* LableCellView.xib in Resources */ = {isa = PBXBuildFile; fileRef = 80D665832702124A00EA8560 /* LableCellView.xib */; };
		80D6658D270236F100EA8560 /* Reusable.swift in Sources */ = {isa = PBXBuildFile; fileRef = 80D6658C270236F100EA8560 /* Reusable.swift */; };
		80D665902702370200EA8560 /* NibLoadable.swift in Sources */ = {isa = PBXBuildFile; fileRef = 80D6658F2702370200EA8560 /* NibLoadable.swift */; };
		80D665932702371A00EA8560 /* TableViewDataSource.swift in Sources */ = {isa = PBXBuildFile; fileRef = 80D665922702371A00EA8560 /* TableViewDataSource.swift */; };
		80D665982702383200EA8560 /* UIView+Autolayout.swift in Sources */ = {isa = PBXBuildFile; fileRef = 80D665972702383200EA8560 /* UIView+Autolayout.swift */; };
		80D665A52702507A00EA8560 /* Storyboarded.swift in Sources */ = {isa = PBXBuildFile; fileRef = 80D665A42702507A00EA8560 /* Storyboarded.swift */; };
		80D665C72703229400EA8560 /* UnderlineSegmentedControl.swift in Sources */ = {isa = PBXBuildFile; fileRef = 80D665C62703229400EA8560 /* UnderlineSegmentedControl.swift */; };
		80FD0D66270366D200D8BDC1 /* ImageForSegment.swift in Sources */ = {isa = PBXBuildFile; fileRef = 80FD0D65270366D200D8BDC1 /* ImageForSegment.swift */; };
		80FD0D7127043E8E00D8BDC1 /* CameraTableView.swift in Sources */ = {isa = PBXBuildFile; fileRef = 80FD0D7027043E8E00D8BDC1 /* CameraTableView.swift */; };
		80FD0D8F2704B73E00D8BDC1 /* Item.swift in Sources */ = {isa = PBXBuildFile; fileRef = 80FD0D8E2704B73E00D8BDC1 /* Item.swift */; };
		80FD0D9F2705A41400D8BDC1 /* Storable.swift in Sources */ = {isa = PBXBuildFile; fileRef = 80FD0D9E2705A41400D8BDC1 /* Storable.swift */; };
		80FD0DA32705A4A600D8BDC1 /* RealmObject+Storable.swift in Sources */ = {isa = PBXBuildFile; fileRef = 80FD0DA22705A4A600D8BDC1 /* RealmObject+Storable.swift */; };
		80FD0DA72705A56D00D8BDC1 /* DataBaseService.swift in Sources */ = {isa = PBXBuildFile; fileRef = 80FD0DA62705A56D00D8BDC1 /* DataBaseService.swift */; };
		C6725BD4FA49F7440BEBCBBD /* Pods_RubetekTest.framework in Frameworks */ = {isa = PBXBuildFile; fileRef = 9BED421523EB967819A3BF75 /* Pods_RubetekTest.framework */; };
/* End PBXBuildFile section */

/* Begin PBXFileReference section */
		2CF85A43A33F1EED964CE80C /* Pods-RubetekTest.release.xcconfig */ = {isa = PBXFileReference; includeInIndex = 1; lastKnownFileType = text.xcconfig; name = "Pods-RubetekTest.release.xcconfig"; path = "Target Support Files/Pods-RubetekTest/Pods-RubetekTest.release.xcconfig"; sourceTree = "<group>"; };
		8007F47026FE1B6D00C2BAEF /* CameraCellView.xib */ = {isa = PBXFileReference; lastKnownFileType = file.xib; path = CameraCellView.xib; sourceTree = "<group>"; };
		8007F4732701A35300C2BAEF /* Rooms.swift */ = {isa = PBXFileReference; lastKnownFileType = sourcecode.swift; path = Rooms.swift; sourceTree = "<group>"; };
		8007F47A2701CB1D00C2BAEF /* DoorsRealm.swift */ = {isa = PBXFileReference; lastKnownFileType = sourcecode.swift; path = DoorsRealm.swift; sourceTree = "<group>"; };
		8007F47D2701DF5700C2BAEF /* Api.swift */ = {isa = PBXFileReference; lastKnownFileType = sourcecode.swift; path = Api.swift; sourceTree = "<group>"; };
		80553B4026F9EA9D00E93D57 /* RubetekTest.app */ = {isa = PBXFileReference; explicitFileType = wrapper.application; includeInIndex = 0; path = RubetekTest.app; sourceTree = BUILT_PRODUCTS_DIR; };
		80553B4326F9EA9D00E93D57 /* AppDelegate.swift */ = {isa = PBXFileReference; lastKnownFileType = sourcecode.swift; path = AppDelegate.swift; sourceTree = "<group>"; };
		80553B4526F9EA9D00E93D57 /* SceneDelegate.swift */ = {isa = PBXFileReference; lastKnownFileType = sourcecode.swift; path = SceneDelegate.swift; sourceTree = "<group>"; };
		80553B4726F9EA9D00E93D57 /* ViewController.swift */ = {isa = PBXFileReference; lastKnownFileType = sourcecode.swift; path = ViewController.swift; sourceTree = "<group>"; };
		80553B4A26F9EA9D00E93D57 /* Base */ = {isa = PBXFileReference; lastKnownFileType = file.storyboard; name = Base; path = Base.lproj/Main.storyboard; sourceTree = "<group>"; };
		80553B4C26F9EAA500E93D57 /* Assets.xcassets */ = {isa = PBXFileReference; lastKnownFileType = folder.assetcatalog; path = Assets.xcassets; sourceTree = "<group>"; };
		80553B4F26F9EAA500E93D57 /* Base */ = {isa = PBXFileReference; lastKnownFileType = file.storyboard; name = Base; path = Base.lproj/LaunchScreen.storyboard; sourceTree = "<group>"; };
		80553B5126F9EAA500E93D57 /* Info.plist */ = {isa = PBXFileReference; lastKnownFileType = text.plist.xml; name = Info.plist; path = RubetekTest/Main/Support/Info.plist; sourceTree = SOURCE_ROOT; };
		80553B5E26FA255900E93D57 /* CameraCellView.swift */ = {isa = PBXFileReference; lastKnownFileType = sourcecode.swift; path = CameraCellView.swift; sourceTree = "<group>"; };
		80553B6726FA6B7100E93D57 /* RoomsRealm.swift */ = {isa = PBXFileReference; lastKnownFileType = sourcecode.swift; path = RoomsRealm.swift; sourceTree = "<group>"; };
		8058C10726FB377000F1EC8E /* Doors.swift */ = {isa = PBXFileReference; lastKnownFileType = sourcecode.swift; path = Doors.swift; sourceTree = "<group>"; };
		8058C11026FB4E0400F1EC8E /* RealmService.swift */ = {isa = PBXFileReference; fileEncoding = 4; lastKnownFileType = sourcecode.swift; path = RealmService.swift; sourceTree = "<group>"; };
		8058C11326FB53DB00F1EC8E /* DetailsViewController.swift */ = {isa = PBXFileReference; lastKnownFileType = sourcecode.swift; path = DetailsViewController.swift; sourceTree = "<group>"; };
		8058C11A26FB657E00F1EC8E /* LableCellView.swift */ = {isa = PBXFileReference; lastKnownFileType = sourcecode.swift; path = LableCellView.swift; sourceTree = "<group>"; };
		809B0E1E2705BBDA00676BAB /* CameraRepository.swift */ = {isa = PBXFileReference; lastKnownFileType = sourcecode.swift; path = CameraRepository.swift; sourceTree = "<group>"; };
		809B0E232705C0FA00676BAB /* MappableProtocol.swift */ = {isa = PBXFileReference; lastKnownFileType = sourcecode.swift; path = MappableProtocol.swift; sourceTree = "<group>"; };
		809B0E262705D8AD00676BAB /* CameraRepositoryProtocol.swift */ = {isa = PBXFileReference; lastKnownFileType = sourcecode.swift; path = CameraRepositoryProtocol.swift; sourceTree = "<group>"; };
		809B0E292705D92200676BAB /* NetworkServiceProtocol.swift */ = {isa = PBXFileReference; lastKnownFileType = sourcecode.swift; path = NetworkServiceProtocol.swift; sourceTree = "<group>"; };
		809B0E2C2705F21800676BAB /* DoorsRepositoryProtocol.swift */ = {isa = PBXFileReference; lastKnownFileType = sourcecode.swift; path = DoorsRepositoryProtocol.swift; sourceTree = "<group>"; };
		809B0E302705F39300676BAB /* DoorsRepository.swift */ = {isa = PBXFileReference; lastKnownFileType = sourcecode.swift; path = DoorsRepository.swift; sourceTree = "<group>"; };
		809B0E342705F69500676BAB /* Door+MappableProtocol.swift */ = {isa = PBXFileReference; lastKnownFileType = sourcecode.swift; path = "Door+MappableProtocol.swift"; sourceTree = "<group>"; };
		80AF50A027062328008A103B /* BaseTableView.swift */ = {isa = PBXFileReference; lastKnownFileType = sourcecode.swift; path = BaseTableView.swift; sourceTree = "<group>"; };
		80AF50A32706EDBA008A103B /* BaseTableCell.swift */ = {isa = PBXFileReference; lastKnownFileType = sourcecode.swift; path = BaseTableCell.swift; sourceTree = "<group>"; };
		80AF50A62706F0AC008A103B /* DoorsTableView.swift */ = {isa = PBXFileReference; lastKnownFileType = sourcecode.swift; path = DoorsTableView.swift; sourceTree = "<group>"; };
		80D19E1226FE0717002783B2 /* NetworkService.swift */ = {isa = PBXFileReference; lastKnownFileType = sourcecode.swift; path = NetworkService.swift; sourceTree = "<group>"; };
		80D665832702124A00EA8560 /* LableCellView.xib */ = {isa = PBXFileReference; lastKnownFileType = file.xib; path = LableCellView.xib; sourceTree = "<group>"; };
		80D6658C270236F100EA8560 /* Reusable.swift */ = {isa = PBXFileReference; lastKnownFileType = sourcecode.swift; path = Reusable.swift; sourceTree = "<group>"; };
		80D6658F2702370200EA8560 /* NibLoadable.swift */ = {isa = PBXFileReference; lastKnownFileType = sourcecode.swift; path = NibLoadable.swift; sourceTree = "<group>"; };
		80D665922702371A00EA8560 /* TableViewDataSource.swift */ = {isa = PBXFileReference; lastKnownFileType = sourcecode.swift; path = TableViewDataSource.swift; sourceTree = "<group>"; };
		80D665972702383200EA8560 /* UIView+Autolayout.swift */ = {isa = PBXFileReference; lastKnownFileType = sourcecode.swift; path = "UIView+Autolayout.swift"; sourceTree = "<group>"; };
		80D665A42702507A00EA8560 /* Storyboarded.swift */ = {isa = PBXFileReference; lastKnownFileType = sourcecode.swift; path = Storyboarded.swift; sourceTree = "<group>"; };
		80D665C62703229400EA8560 /* UnderlineSegmentedControl.swift */ = {isa = PBXFileReference; lastKnownFileType = sourcecode.swift; path = UnderlineSegmentedControl.swift; sourceTree = "<group>"; };
		80FD0D65270366D200D8BDC1 /* ImageForSegment.swift */ = {isa = PBXFileReference; lastKnownFileType = sourcecode.swift; path = ImageForSegment.swift; sourceTree = "<group>"; };
		80FD0D7027043E8E00D8BDC1 /* CameraTableView.swift */ = {isa = PBXFileReference; lastKnownFileType = sourcecode.swift; path = CameraTableView.swift; sourceTree = "<group>"; };
		80FD0D8E2704B73E00D8BDC1 /* Item.swift */ = {isa = PBXFileReference; lastKnownFileType = sourcecode.swift; path = Item.swift; sourceTree = "<group>"; };
		80FD0D9E2705A41400D8BDC1 /* Storable.swift */ = {isa = PBXFileReference; lastKnownFileType = sourcecode.swift; path = Storable.swift; sourceTree = "<group>"; };
		80FD0DA22705A4A600D8BDC1 /* RealmObject+Storable.swift */ = {isa = PBXFileReference; lastKnownFileType = sourcecode.swift; path = "RealmObject+Storable.swift"; sourceTree = "<group>"; };
		80FD0DA62705A56D00D8BDC1 /* DataBaseService.swift */ = {isa = PBXFileReference; lastKnownFileType = sourcecode.swift; path = DataBaseService.swift; sourceTree = "<group>"; };
		9BED421523EB967819A3BF75 /* Pods_RubetekTest.framework */ = {isa = PBXFileReference; explicitFileType = wrapper.framework; includeInIndex = 0; path = Pods_RubetekTest.framework; sourceTree = BUILT_PRODUCTS_DIR; };
		DD8C15B8051E47BB3F78C87A /* Pods-RubetekTest.debug.xcconfig */ = {isa = PBXFileReference; includeInIndex = 1; lastKnownFileType = text.xcconfig; name = "Pods-RubetekTest.debug.xcconfig"; path = "Target Support Files/Pods-RubetekTest/Pods-RubetekTest.debug.xcconfig"; sourceTree = "<group>"; };
/* End PBXFileReference section */

/* Begin PBXFrameworksBuildPhase section */
		80553B3D26F9EA9D00E93D57 /* Frameworks */ = {
			isa = PBXFrameworksBuildPhase;
			buildActionMask = 2147483647;
			files = (
				C6725BD4FA49F7440BEBCBBD /* Pods_RubetekTest.framework in Frameworks */,
			);
			runOnlyForDeploymentPostprocessing = 0;
		};
/* End PBXFrameworksBuildPhase section */

/* Begin PBXGroup section */
		3EE116CD5E3D06838E94E38A /* Pods */ = {
			isa = PBXGroup;
			children = (
				DD8C15B8051E47BB3F78C87A /* Pods-RubetekTest.debug.xcconfig */,
				2CF85A43A33F1EED964CE80C /* Pods-RubetekTest.release.xcconfig */,
			);
			path = Pods;
			sourceTree = "<group>";
		};
		80553B3726F9EA9D00E93D57 = {
			isa = PBXGroup;
			children = (
				80553B4226F9EA9D00E93D57 /* RubetekTest */,
				80553B4126F9EA9D00E93D57 /* Products */,
				3EE116CD5E3D06838E94E38A /* Pods */,
				DFB483EF0BFEB9530DCCD132 /* Frameworks */,
			);
			sourceTree = "<group>";
		};
		80553B4126F9EA9D00E93D57 /* Products */ = {
			isa = PBXGroup;
			children = (
				80553B4026F9EA9D00E93D57 /* RubetekTest.app */,
			);
			name = Products;
			sourceTree = "<group>";
		};
		80553B4226F9EA9D00E93D57 /* RubetekTest */ = {
			isa = PBXGroup;
			children = (
				80D19E0926FDE2C7002783B2 /* Main */,
				80D19E0A26FDE2D1002783B2 /* Modules */,
			);
			path = RubetekTest;
			sourceTree = "<group>";
		};
		80553B6126FA6A9A00E93D57 /* Models */ = {
			isa = PBXGroup;
			children = (
				8007F47D2701DF5700C2BAEF /* Api.swift */,
				8058C10526FB363100F1EC8E /* Cameras */,
				8058C10626FB364200F1EC8E /* Doors */,
				80FD0D8E2704B73E00D8BDC1 /* Item.swift */,
			);
			path = Models;
			sourceTree = "<group>";
		};
		80553B6226FA6AA700E93D57 /* Views */ = {
			isa = PBXGroup;
			children = (
				80553B4926F9EA9D00E93D57 /* Main.storyboard */,
				8007F47026FE1B6D00C2BAEF /* CameraCellView.xib */,
				80D665832702124A00EA8560 /* LableCellView.xib */,
				80553B5E26FA255900E93D57 /* CameraCellView.swift */,
				8058C11A26FB657E00F1EC8E /* LableCellView.swift */,
			);
			path = Views;
			sourceTree = "<group>";
		};
		80553B6A26FA6C7000E93D57 /* Services */ = {
			isa = PBXGroup;
			children = (
				80D19E1226FE0717002783B2 /* NetworkService.swift */,
				8058C11026FB4E0400F1EC8E /* RealmService.swift */,
			);
			path = Services;
			sourceTree = "<group>";
		};
		8058C10526FB363100F1EC8E /* Cameras */ = {
			isa = PBXGroup;
			children = (
				8007F4732701A35300C2BAEF /* Rooms.swift */,
				80553B6726FA6B7100E93D57 /* RoomsRealm.swift */,
			);
			path = Cameras;
			sourceTree = "<group>";
		};
		8058C10626FB364200F1EC8E /* Doors */ = {
			isa = PBXGroup;
			children = (
				8058C10726FB377000F1EC8E /* Doors.swift */,
				8007F47A2701CB1D00C2BAEF /* DoorsRealm.swift */,
			);
			path = Doors;
			sourceTree = "<group>";
		};
		809B0E1C2705BBB900676BAB /* Data */ = {
			isa = PBXGroup;
			children = (
				809B0E1D2705BBC300676BAB /* Repository */,
			);
			path = Data;
			sourceTree = "<group>";
		};
		809B0E1D2705BBC300676BAB /* Repository */ = {
			isa = PBXGroup;
			children = (
				809B0E1E2705BBDA00676BAB /* CameraRepository.swift */,
				809B0E302705F39300676BAB /* DoorsRepository.swift */,
			);
			path = Repository;
			sourceTree = "<group>";
		};
		80AF50A92706F5F9008A103B /* View */ = {
			isa = PBXGroup;
			children = (
				80AF50A027062328008A103B /* BaseTableView.swift */,
				80AF50A32706EDBA008A103B /* BaseTableCell.swift */,
				80AF50A62706F0AC008A103B /* DoorsTableView.swift */,
				80FD0D7027043E8E00D8BDC1 /* CameraTableView.swift */,
			);
			path = View;
			sourceTree = "<group>";
		};
		80D19E0926FDE2C7002783B2 /* Main */ = {
			isa = PBXGroup;
			children = (
				809B0E1C2705BBB900676BAB /* Data */,
				80FD0D9D2705A40500D8BDC1 /* Protocols */,
				80D665962702380B00EA8560 /* Extensions */,
				80553B6A26FA6C7000E93D57 /* Services */,
				80D66588270236CD00EA8560 /* Common */,
				80D665A72702565200EA8560 /* UIComponents */,
				80D19E0B26FDE34E002783B2 /* System */,
				80D19E0D26FDE51F002783B2 /* Support */,
			);
			path = Main;
			sourceTree = "<group>";
		};
		80D19E0A26FDE2D1002783B2 /* Modules */ = {
			isa = PBXGroup;
			children = (
				80FD0D7B270476A500D8BDC1 /* FirstModule */,
			);
			path = Modules;
			sourceTree = "<group>";
		};
		80D19E0B26FDE34E002783B2 /* System */ = {
			isa = PBXGroup;
			children = (
				80553B4326F9EA9D00E93D57 /* AppDelegate.swift */,
				80553B4526F9EA9D00E93D57 /* SceneDelegate.swift */,
			);
			path = System;
			sourceTree = "<group>";
		};
		80D19E0C26FDE4F1002783B2 /* Controllers */ = {
			isa = PBXGroup;
			children = (
				80553B4726F9EA9D00E93D57 /* ViewController.swift */,
				8058C11326FB53DB00F1EC8E /* DetailsViewController.swift */,
			);
			path = Controllers;
			sourceTree = "<group>";
		};
		80D19E0D26FDE51F002783B2 /* Support */ = {
			isa = PBXGroup;
			children = (
				80553B4C26F9EAA500E93D57 /* Assets.xcassets */,
				80553B4E26F9EAA500E93D57 /* LaunchScreen.storyboard */,
				80553B5126F9EAA500E93D57 /* Info.plist */,
			);
			path = Support;
			sourceTree = "<group>";
		};
		80D66588270236CD00EA8560 /* Common */ = {
			isa = PBXGroup;
			children = (
				80AF50A92706F5F9008A103B /* View */,
				80D6658C270236F100EA8560 /* Reusable.swift */,
				80D6658F2702370200EA8560 /* NibLoadable.swift */,
				80D665922702371A00EA8560 /* TableViewDataSource.swift */,
				80D665A42702507A00EA8560 /* Storyboarded.swift */,
			);
			path = Common;
			sourceTree = "<group>";
		};
		80D665962702380B00EA8560 /* Extensions */ = {
			isa = PBXGroup;
			children = (
				809B0E342705F69500676BAB /* Door+MappableProtocol.swift */,
				80FD0DA22705A4A600D8BDC1 /* RealmObject+Storable.swift */,
				80D665972702383200EA8560 /* UIView+Autolayout.swift */,
				80FD0D65270366D200D8BDC1 /* ImageForSegment.swift */,
			);
			path = Extensions;
			sourceTree = "<group>";
		};
		80D665A72702565200EA8560 /* UIComponents */ = {
			isa = PBXGroup;
			children = (
				80D665C62703229400EA8560 /* UnderlineSegmentedControl.swift */,
			);
			path = UIComponents;
			sourceTree = "<group>";
		};
		80FD0D7B270476A500D8BDC1 /* FirstModule */ = {
			isa = PBXGroup;
			children = (
				80D19E0C26FDE4F1002783B2 /* Controllers */,
				80553B6126FA6A9A00E93D57 /* Models */,
				80553B6226FA6AA700E93D57 /* Views */,
			);
			path = FirstModule;
			sourceTree = "<group>";
		};
		80FD0D9D2705A40500D8BDC1 /* Protocols */ = {
			isa = PBXGroup;
			children = (
				80FD0D9E2705A41400D8BDC1 /* Storable.swift */,
				80FD0DA62705A56D00D8BDC1 /* DataBaseService.swift */,
				809B0E232705C0FA00676BAB /* MappableProtocol.swift */,
				809B0E262705D8AD00676BAB /* CameraRepositoryProtocol.swift */,
				809B0E2C2705F21800676BAB /* DoorsRepositoryProtocol.swift */,
				809B0E292705D92200676BAB /* NetworkServiceProtocol.swift */,
			);
			path = Protocols;
			sourceTree = "<group>";
		};
		DFB483EF0BFEB9530DCCD132 /* Frameworks */ = {
			isa = PBXGroup;
			children = (
				9BED421523EB967819A3BF75 /* Pods_RubetekTest.framework */,
			);
			name = Frameworks;
			sourceTree = "<group>";
		};
/* End PBXGroup section */

/* Begin PBXNativeTarget section */
		80553B3F26F9EA9D00E93D57 /* RubetekTest */ = {
			isa = PBXNativeTarget;
			buildConfigurationList = 80553B5426F9EAA500E93D57 /* Build configuration list for PBXNativeTarget "RubetekTest" */;
			buildPhases = (
				6EA58507FA7540D50DC936A0 /* [CP] Check Pods Manifest.lock */,
				80553B3C26F9EA9D00E93D57 /* Sources */,
				80553B3D26F9EA9D00E93D57 /* Frameworks */,
				80553B3E26F9EA9D00E93D57 /* Resources */,
				A9D019A4876FAF5A72AE7025 /* [CP] Embed Pods Frameworks */,
			);
			buildRules = (
			);
			dependencies = (
			);
			name = RubetekTest;
			productName = RubetekTest;
			productReference = 80553B4026F9EA9D00E93D57 /* RubetekTest.app */;
			productType = "com.apple.product-type.application";
		};
/* End PBXNativeTarget section */

/* Begin PBXProject section */
		80553B3826F9EA9D00E93D57 /* Project object */ = {
			isa = PBXProject;
			attributes = {
				LastSwiftUpdateCheck = 1220;
				LastUpgradeCheck = 1220;
				TargetAttributes = {
					80553B3F26F9EA9D00E93D57 = {
						CreatedOnToolsVersion = 12.2;
					};
				};
			};
			buildConfigurationList = 80553B3B26F9EA9D00E93D57 /* Build configuration list for PBXProject "RubetekTest" */;
			compatibilityVersion = "Xcode 9.3";
			developmentRegion = en;
			hasScannedForEncodings = 0;
			knownRegions = (
				en,
				Base,
			);
			mainGroup = 80553B3726F9EA9D00E93D57;
			productRefGroup = 80553B4126F9EA9D00E93D57 /* Products */;
			projectDirPath = "";
			projectRoot = "";
			targets = (
				80553B3F26F9EA9D00E93D57 /* RubetekTest */,
			);
		};
/* End PBXProject section */

/* Begin PBXResourcesBuildPhase section */
		80553B3E26F9EA9D00E93D57 /* Resources */ = {
			isa = PBXResourcesBuildPhase;
			buildActionMask = 2147483647;
			files = (
				80D665842702124A00EA8560 /* LableCellView.xib in Resources */,
				80553B5026F9EAA500E93D57 /* LaunchScreen.storyboard in Resources */,
				80553B4D26F9EAA500E93D57 /* Assets.xcassets in Resources */,
				80553B4B26F9EA9D00E93D57 /* Main.storyboard in Resources */,
				8007F47126FE1B6D00C2BAEF /* CameraCellView.xib in Resources */,
			);
			runOnlyForDeploymentPostprocessing = 0;
		};
/* End PBXResourcesBuildPhase section */

/* Begin PBXShellScriptBuildPhase section */
		6EA58507FA7540D50DC936A0 /* [CP] Check Pods Manifest.lock */ = {
			isa = PBXShellScriptBuildPhase;
			buildActionMask = 2147483647;
			files = (
			);
			inputFileListPaths = (
			);
			inputPaths = (
				"${PODS_PODFILE_DIR_PATH}/Podfile.lock",
				"${PODS_ROOT}/Manifest.lock",
			);
			name = "[CP] Check Pods Manifest.lock";
			outputFileListPaths = (
			);
			outputPaths = (
				"$(DERIVED_FILE_DIR)/Pods-RubetekTest-checkManifestLockResult.txt",
			);
			runOnlyForDeploymentPostprocessing = 0;
			shellPath = /bin/sh;
			shellScript = "diff \"${PODS_PODFILE_DIR_PATH}/Podfile.lock\" \"${PODS_ROOT}/Manifest.lock\" > /dev/null\nif [ $? != 0 ] ; then\n    # print error to STDERR\n    echo \"error: The sandbox is not in sync with the Podfile.lock. Run 'pod install' or update your CocoaPods installation.\" >&2\n    exit 1\nfi\n# This output is used by Xcode 'outputs' to avoid re-running this script phase.\necho \"SUCCESS\" > \"${SCRIPT_OUTPUT_FILE_0}\"\n";
			showEnvVarsInLog = 0;
		};
		A9D019A4876FAF5A72AE7025 /* [CP] Embed Pods Frameworks */ = {
			isa = PBXShellScriptBuildPhase;
			buildActionMask = 2147483647;
			files = (
			);
			inputFileListPaths = (
				"${PODS_ROOT}/Target Support Files/Pods-RubetekTest/Pods-RubetekTest-frameworks-${CONFIGURATION}-input-files.xcfilelist",
			);
			name = "[CP] Embed Pods Frameworks";
			outputFileListPaths = (
				"${PODS_ROOT}/Target Support Files/Pods-RubetekTest/Pods-RubetekTest-frameworks-${CONFIGURATION}-output-files.xcfilelist",
			);
			runOnlyForDeploymentPostprocessing = 0;
			shellPath = /bin/sh;
			shellScript = "\"${PODS_ROOT}/Target Support Files/Pods-RubetekTest/Pods-RubetekTest-frameworks.sh\"\n";
			showEnvVarsInLog = 0;
		};
/* End PBXShellScriptBuildPhase section */

/* Begin PBXSourcesBuildPhase section */
		80553B3C26F9EA9D00E93D57 /* Sources */ = {
			isa = PBXSourcesBuildPhase;
			buildActionMask = 2147483647;
			files = (
				809B0E242705C0FA00676BAB /* MappableProtocol.swift in Sources */,
				80D665932702371A00EA8560 /* TableViewDataSource.swift in Sources */,
				80D665982702383200EA8560 /* UIView+Autolayout.swift in Sources */,
				80AF50A72706F0AC008A103B /* DoorsTableView.swift in Sources */,
				80D665902702370200EA8560 /* NibLoadable.swift in Sources */,
				8007F47B2701CB1D00C2BAEF /* DoorsRealm.swift in Sources */,
				80FD0DA32705A4A600D8BDC1 /* RealmObject+Storable.swift in Sources */,
				80FD0D8F2704B73E00D8BDC1 /* Item.swift in Sources */,
				809B0E2A2705D92200676BAB /* NetworkServiceProtocol.swift in Sources */,
				80FD0DA72705A56D00D8BDC1 /* DataBaseService.swift in Sources */,
				80FD0D9F2705A41400D8BDC1 /* Storable.swift in Sources */,
				80FD0D7127043E8E00D8BDC1 /* CameraTableView.swift in Sources */,
				80D665C72703229400EA8560 /* UnderlineSegmentedControl.swift in Sources */,
				8058C10826FB377000F1EC8E /* Doors.swift in Sources */,
				809B0E272705D8AD00676BAB /* CameraRepositoryProtocol.swift in Sources */,
				809B0E312705F39300676BAB /* DoorsRepository.swift in Sources */,
				80553B5F26FA255900E93D57 /* CameraCellView.swift in Sources */,
				80FD0D66270366D200D8BDC1 /* ImageForSegment.swift in Sources */,
				8007F4742701A35300C2BAEF /* Rooms.swift in Sources */,
				80D665A52702507A00EA8560 /* Storyboarded.swift in Sources */,
				8058C11B26FB657E00F1EC8E /* LableCellView.swift in Sources */,
				8058C11426FB53DB00F1EC8E /* DetailsViewController.swift in Sources */,
				80553B6826FA6B7100E93D57 /* RoomsRealm.swift in Sources */,
				80553B4826F9EA9D00E93D57 /* ViewController.swift in Sources */,
				80553B4426F9EA9D00E93D57 /* AppDelegate.swift in Sources */,
				80553B4626F9EA9D00E93D57 /* SceneDelegate.swift in Sources */,
				80D6658D270236F100EA8560 /* Reusable.swift in Sources */,
				809B0E2D2705F21800676BAB /* DoorsRepositoryProtocol.swift in Sources */,
				80D19E1326FE0717002783B2 /* NetworkService.swift in Sources */,
				80AF50A127062328008A103B /* BaseTableView.swift in Sources */,
				8007F47E2701DF5700C2BAEF /* Api.swift in Sources */,
				809B0E352705F69500676BAB /* Door+MappableProtocol.swift in Sources */,
				80AF50A42706EDBB008A103B /* BaseTableCell.swift in Sources */,
				8058C11126FB4E0400F1EC8E /* RealmService.swift in Sources */,
				809B0E1F2705BBDA00676BAB /* CameraRepository.swift in Sources */,
			);
			runOnlyForDeploymentPostprocessing = 0;
		};
/* End PBXSourcesBuildPhase section */

/* Begin PBXVariantGroup section */
		80553B4926F9EA9D00E93D57 /* Main.storyboard */ = {
			isa = PBXVariantGroup;
			children = (
				80553B4A26F9EA9D00E93D57 /* Base */,
			);
			name = Main.storyboard;
			sourceTree = "<group>";
		};
		80553B4E26F9EAA500E93D57 /* LaunchScreen.storyboard */ = {
			isa = PBXVariantGroup;
			children = (
				80553B4F26F9EAA500E93D57 /* Base */,
			);
			name = LaunchScreen.storyboard;
			sourceTree = "<group>";
		};
/* End PBXVariantGroup section */

/* Begin XCBuildConfiguration section */
		80553B5226F9EAA500E93D57 /* Debug */ = {
			isa = XCBuildConfiguration;
			buildSettings = {
				ALWAYS_SEARCH_USER_PATHS = NO;
				CLANG_ANALYZER_NONNULL = YES;
				CLANG_ANALYZER_NUMBER_OBJECT_CONVERSION = YES_AGGRESSIVE;
				CLANG_CXX_LANGUAGE_STANDARD = "gnu++14";
				CLANG_CXX_LIBRARY = "libc++";
				CLANG_ENABLE_MODULES = YES;
				CLANG_ENABLE_OBJC_ARC = YES;
				CLANG_ENABLE_OBJC_WEAK = YES;
				CLANG_WARN_BLOCK_CAPTURE_AUTORELEASING = YES;
				CLANG_WARN_BOOL_CONVERSION = YES;
				CLANG_WARN_COMMA = YES;
				CLANG_WARN_CONSTANT_CONVERSION = YES;
				CLANG_WARN_DEPRECATED_OBJC_IMPLEMENTATIONS = YES;
				CLANG_WARN_DIRECT_OBJC_ISA_USAGE = YES_ERROR;
				CLANG_WARN_DOCUMENTATION_COMMENTS = YES;
				CLANG_WARN_EMPTY_BODY = YES;
				CLANG_WARN_ENUM_CONVERSION = YES;
				CLANG_WARN_INFINITE_RECURSION = YES;
				CLANG_WARN_INT_CONVERSION = YES;
				CLANG_WARN_NON_LITERAL_NULL_CONVERSION = YES;
				CLANG_WARN_OBJC_IMPLICIT_RETAIN_SELF = YES;
				CLANG_WARN_OBJC_LITERAL_CONVERSION = YES;
				CLANG_WARN_OBJC_ROOT_CLASS = YES_ERROR;
				CLANG_WARN_QUOTED_INCLUDE_IN_FRAMEWORK_HEADER = YES;
				CLANG_WARN_RANGE_LOOP_ANALYSIS = YES;
				CLANG_WARN_STRICT_PROTOTYPES = YES;
				CLANG_WARN_SUSPICIOUS_MOVE = YES;
				CLANG_WARN_UNGUARDED_AVAILABILITY = YES_AGGRESSIVE;
				CLANG_WARN_UNREACHABLE_CODE = YES;
				CLANG_WARN__DUPLICATE_METHOD_MATCH = YES;
				COPY_PHASE_STRIP = NO;
				DEBUG_INFORMATION_FORMAT = dwarf;
				ENABLE_STRICT_OBJC_MSGSEND = YES;
				ENABLE_TESTABILITY = YES;
				GCC_C_LANGUAGE_STANDARD = gnu11;
				GCC_DYNAMIC_NO_PIC = NO;
				GCC_NO_COMMON_BLOCKS = YES;
				GCC_OPTIMIZATION_LEVEL = 0;
				GCC_PREPROCESSOR_DEFINITIONS = (
					"DEBUG=1",
					"$(inherited)",
				);
				GCC_WARN_64_TO_32_BIT_CONVERSION = YES;
				GCC_WARN_ABOUT_RETURN_TYPE = YES_ERROR;
				GCC_WARN_UNDECLARED_SELECTOR = YES;
				GCC_WARN_UNINITIALIZED_AUTOS = YES_AGGRESSIVE;
				GCC_WARN_UNUSED_FUNCTION = YES;
				GCC_WARN_UNUSED_VARIABLE = YES;
				IPHONEOS_DEPLOYMENT_TARGET = 14.2;
				MTL_ENABLE_DEBUG_INFO = INCLUDE_SOURCE;
				MTL_FAST_MATH = YES;
				ONLY_ACTIVE_ARCH = YES;
				SDKROOT = iphoneos;
				SWIFT_ACTIVE_COMPILATION_CONDITIONS = DEBUG;
				SWIFT_OPTIMIZATION_LEVEL = "-Onone";
			};
			name = Debug;
		};
		80553B5326F9EAA500E93D57 /* Release */ = {
			isa = XCBuildConfiguration;
			buildSettings = {
				ALWAYS_SEARCH_USER_PATHS = NO;
				CLANG_ANALYZER_NONNULL = YES;
				CLANG_ANALYZER_NUMBER_OBJECT_CONVERSION = YES_AGGRESSIVE;
				CLANG_CXX_LANGUAGE_STANDARD = "gnu++14";
				CLANG_CXX_LIBRARY = "libc++";
				CLANG_ENABLE_MODULES = YES;
				CLANG_ENABLE_OBJC_ARC = YES;
				CLANG_ENABLE_OBJC_WEAK = YES;
				CLANG_WARN_BLOCK_CAPTURE_AUTORELEASING = YES;
				CLANG_WARN_BOOL_CONVERSION = YES;
				CLANG_WARN_COMMA = YES;
				CLANG_WARN_CONSTANT_CONVERSION = YES;
				CLANG_WARN_DEPRECATED_OBJC_IMPLEMENTATIONS = YES;
				CLANG_WARN_DIRECT_OBJC_ISA_USAGE = YES_ERROR;
				CLANG_WARN_DOCUMENTATION_COMMENTS = YES;
				CLANG_WARN_EMPTY_BODY = YES;
				CLANG_WARN_ENUM_CONVERSION = YES;
				CLANG_WARN_INFINITE_RECURSION = YES;
				CLANG_WARN_INT_CONVERSION = YES;
				CLANG_WARN_NON_LITERAL_NULL_CONVERSION = YES;
				CLANG_WARN_OBJC_IMPLICIT_RETAIN_SELF = YES;
				CLANG_WARN_OBJC_LITERAL_CONVERSION = YES;
				CLANG_WARN_OBJC_ROOT_CLASS = YES_ERROR;
				CLANG_WARN_QUOTED_INCLUDE_IN_FRAMEWORK_HEADER = YES;
				CLANG_WARN_RANGE_LOOP_ANALYSIS = YES;
				CLANG_WARN_STRICT_PROTOTYPES = YES;
				CLANG_WARN_SUSPICIOUS_MOVE = YES;
				CLANG_WARN_UNGUARDED_AVAILABILITY = YES_AGGRESSIVE;
				CLANG_WARN_UNREACHABLE_CODE = YES;
				CLANG_WARN__DUPLICATE_METHOD_MATCH = YES;
				COPY_PHASE_STRIP = NO;
				DEBUG_INFORMATION_FORMAT = "dwarf-with-dsym";
				ENABLE_NS_ASSERTIONS = NO;
				ENABLE_STRICT_OBJC_MSGSEND = YES;
				GCC_C_LANGUAGE_STANDARD = gnu11;
				GCC_NO_COMMON_BLOCKS = YES;
				GCC_WARN_64_TO_32_BIT_CONVERSION = YES;
				GCC_WARN_ABOUT_RETURN_TYPE = YES_ERROR;
				GCC_WARN_UNDECLARED_SELECTOR = YES;
				GCC_WARN_UNINITIALIZED_AUTOS = YES_AGGRESSIVE;
				GCC_WARN_UNUSED_FUNCTION = YES;
				GCC_WARN_UNUSED_VARIABLE = YES;
				IPHONEOS_DEPLOYMENT_TARGET = 14.2;
				MTL_ENABLE_DEBUG_INFO = NO;
				MTL_FAST_MATH = YES;
				SDKROOT = iphoneos;
				SWIFT_COMPILATION_MODE = wholemodule;
				SWIFT_OPTIMIZATION_LEVEL = "-O";
				VALIDATE_PRODUCT = YES;
			};
			name = Release;
		};
		80553B5526F9EAA500E93D57 /* Debug */ = {
			isa = XCBuildConfiguration;
			baseConfigurationReference = DD8C15B8051E47BB3F78C87A /* Pods-RubetekTest.debug.xcconfig */;
			buildSettings = {
				ASSETCATALOG_COMPILER_APPICON_NAME = AppIcon;
				ASSETCATALOG_COMPILER_GLOBAL_ACCENT_COLOR_NAME = AccentColor;
				CODE_SIGN_STYLE = Automatic;
				INFOPLIST_FILE = "$(SRCROOT)/RubetekTest/Main/Support/Info.plist";
				LD_RUNPATH_SEARCH_PATHS = (
					"$(inherited)",
					"@executable_path/Frameworks",
				);
				PRODUCT_BUNDLE_IDENTIFIER = Home.RubetekTest;
				PRODUCT_NAME = "$(TARGET_NAME)";
				SWIFT_VERSION = 5.0;
				TARGETED_DEVICE_FAMILY = "1,2";
			};
			name = Debug;
		};
		80553B5626F9EAA500E93D57 /* Release */ = {
			isa = XCBuildConfiguration;
			baseConfigurationReference = 2CF85A43A33F1EED964CE80C /* Pods-RubetekTest.release.xcconfig */;
			buildSettings = {
				ASSETCATALOG_COMPILER_APPICON_NAME = AppIcon;
				ASSETCATALOG_COMPILER_GLOBAL_ACCENT_COLOR_NAME = AccentColor;
				CODE_SIGN_STYLE = Automatic;
				INFOPLIST_FILE = "$(SRCROOT)/RubetekTest/Main/Support/Info.plist";
				LD_RUNPATH_SEARCH_PATHS = (
					"$(inherited)",
					"@executable_path/Frameworks",
				);
				PRODUCT_BUNDLE_IDENTIFIER = Home.RubetekTest;
				PRODUCT_NAME = "$(TARGET_NAME)";
				SWIFT_VERSION = 5.0;
				TARGETED_DEVICE_FAMILY = "1,2";
			};
			name = Release;
		};
/* End XCBuildConfiguration section */

/* Begin XCConfigurationList section */
		80553B3B26F9EA9D00E93D57 /* Build configuration list for PBXProject "RubetekTest" */ = {
			isa = XCConfigurationList;
			buildConfigurations = (
				80553B5226F9EAA500E93D57 /* Debug */,
				80553B5326F9EAA500E93D57 /* Release */,
			);
			defaultConfigurationIsVisible = 0;
			defaultConfigurationName = Release;
		};
		80553B5426F9EAA500E93D57 /* Build configuration list for PBXNativeTarget "RubetekTest" */ = {
			isa = XCConfigurationList;
			buildConfigurations = (
				80553B5526F9EAA500E93D57 /* Debug */,
				80553B5626F9EAA500E93D57 /* Release */,
			);
			defaultConfigurationIsVisible = 0;
			defaultConfigurationName = Release;
		};
/* End XCConfigurationList section */
	};
	rootObject = 80553B3826F9EA9D00E93D57 /* Project object */;
}
